
Microsoft Visual Studio Solution File, Format Version 12.00
# Visual Studio 15
VisualStudioVersion = 15.0.28307.645
MinimumVisualStudioVersion = 10.0.40219.1
Project("{9A19103F-16F7-4668-BE54-9A1E7A4F7556}") = "ConsoleApp1", "ConsoleApp1\ConsoleApp1.csproj", "{C406A31C-809E-457D-8B07-900289DCDD0B}"
EndProject
Project("{E53339B2-1760-4266-BCC7-CA923CBCF16C}") = "docker-compose", "docker-compose.dcproj", "{FEA0C318-FFED-4D39-8781-265718CA43DD}"
EndProject
Project("{2150E333-8FDC-42A3-9474-1A3956D46DE8}") = "Solution Items", "Solution Items", "{9CF9C13C-F6BD-46AC-9A46-35BED2233177}"
	ProjectSection(SolutionItems) = preProject
		captures\docker-compose_from_console.png = captures\docker-compose_from_console.png
		captures\docker-compose_from_VS2017.png = captures\docker-compose_from_VS2017.png
		captures\docker-compose_from_VS2019.png = captures\docker-compose_from_VS2019.png
		README.md = README.md
	EndProjectSection
EndProject
Global
	GlobalSection(SolutionConfigurationPlatforms) = preSolution
		Debug|Any CPU = Debug|Any CPU
		Release|Any CPU = Release|Any CPU
	EndGlobalSection
	GlobalSection(ProjectConfigurationPlatforms) = postSolution
		{C406A31C-809E-457D-8B07-900289DCDD0B}.Debug|Any CPU.ActiveCfg = Debug|Any CPU
		{C406A31C-809E-457D-8B07-900289DCDD0B}.Debug|Any CPU.Build.0 = Debug|Any CPU
		{C406A31C-809E-457D-8B07-900289DCDD0B}.Release|Any CPU.ActiveCfg = Release|Any CPU
		{C406A31C-809E-457D-8B07-900289DCDD0B}.Release|Any CPU.Build.0 = Release|Any CPU
		{FEA0C318-FFED-4D39-8781-265718CA43DD}.Debug|Any CPU.ActiveCfg = Debug|Any CPU
		{FEA0C318-FFED-4D39-8781-265718CA43DD}.Debug|Any CPU.Build.0 = Debug|Any CPU
		{FEA0C318-FFED-4D39-8781-265718CA43DD}.Release|Any CPU.ActiveCfg = Release|Any CPU
		{FEA0C318-FFED-4D39-8781-265718CA43DD}.Release|Any CPU.Build.0 = Release|Any CPU
	EndGlobalSection
	GlobalSection(SolutionProperties) = preSolution
		HideSolutionNode = FALSE
	EndGlobalSection
	GlobalSection(ExtensibilityGlobals) = postSolution
		SolutionGuid = {A3F2AC86-A8A4-4D75-92C3-EE55B73B10E3}
	EndGlobalSection
EndGlobal
